
Microsoft Visual Studio Solution File, Format Version 12.00
# Visual Studio Version 16
VisualStudioVersion = 16.0.31613.86
MinimumVisualStudioVersion = 10.0.40219.1
Project("{9A19103F-16F7-4668-BE54-9A1E7A4F7556}") = "QuantumX.qrCode", "QuantumX.qrCode.csproj", "{D5C6511B-2DBB-43DB-BDF9-A00FFA72BE5F}"
EndProject
Global
	GlobalSection(SolutionConfigurationPlatforms) = preSolution
		Debug|Any CPU = Debug|Any CPU
		Release|Any CPU = Release|Any CPU
	EndGlobalSection
	GlobalSection(ProjectConfigurationPlatforms) = postSolution
		{D5C6511B-2DBB-43DB-BDF9-A00FFA72BE5F}.Debug|Any CPU.ActiveCfg = Debug|Any CPU
		{D5C6511B-2DBB-43DB-BDF9-A00FFA72BE5F}.Debug|Any CPU.Build.0 = Debug|Any CPU
		{D5C6511B-2DBB-43DB-BDF9-A00FFA72BE5F}.Release|Any CPU.ActiveCfg = Release|Any CPU
		{D5C6511B-2DBB-43DB-BDF9-A00FFA72BE5F}.Release|Any CPU.Build.0 = Release|Any CPU
	EndGlobalSection
	GlobalSection(SolutionProperties) = preSolution
		HideSolutionNode = FALSE
	EndGlobalSection
	GlobalSection(ExtensibilityGlobals) = postSolution
		SolutionGuid = {554FBF19-5CF6-4361-95F1-5877827E31A8}
	EndGlobalSection
EndGlobal
